
Microsoft Visual Studio Solution File, Format Version 12.00
# Visual Studio Version 17
VisualStudioVersion = 17.8.34330.188
MinimumVisualStudioVersion = 10.0.40219.1
Project("{FAE04EC0-301F-11D3-BF4B-00C04F79EFBC}") = "NTFSChecker.WinForms", "NTFSChecker.Winforms\NTFSChecker.WinForms.csproj", "{8B2569FA-388E-4824-90BD-DE3CD363675E}"
EndProject
Project("{FAE04EC0-301F-11D3-BF4B-00C04F79EFBC}") = "NTFSChecker.Core", "NTFSChecker.Core\NTFSChecker.Core.csproj", "{BC09207E-9B28-487C-A8B6-7DB77093481F}"
EndProject
Project("{FAE04EC0-301F-11D3-BF4B-00C04F79EFBC}") = "NTFSChecker.AvaloniaUI", "NTFSChecker.AvaloniaUI\NTFSChecker.AvaloniaUI.csproj", "{E19780FC-23CB-400E-84E0-6FC8A0B3D9EB}"
	ProjectSection(ProjectDependencies) = postProject
		{F7F089EE-BE67-4C32-A4EB-6D76A31DBA9E} = {F7F089EE-BE67-4C32-A4EB-6D76A31DBA9E}
		{D07B5BE5-F043-46CF-8AB2-2E235841AD4B} = {D07B5BE5-F043-46CF-8AB2-2E235841AD4B}
	EndProjectSection
EndProject
Project("{FAE04EC0-301F-11D3-BF4B-00C04F79EFBC}") = "NTFSChecker.Windows", "NTFSChecker.Windows\NTFSChecker.Windows.csproj", "{F7F089EE-BE67-4C32-A4EB-6D76A31DBA9E}"
	ProjectSection(ProjectDependencies) = postProject
		{BC09207E-9B28-487C-A8B6-7DB77093481F} = {BC09207E-9B28-487C-A8B6-7DB77093481F}
	EndProjectSection
EndProject
Project("{FAE04EC0-301F-11D3-BF4B-00C04F79EFBC}") = "NTFSChecker.Linux", "NTFSChecker.Linux\NTFSChecker.Linux.csproj", "{D07B5BE5-F043-46CF-8AB2-2E235841AD4B}"
	ProjectSection(ProjectDependencies) = postProject
		{BC09207E-9B28-487C-A8B6-7DB77093481F} = {BC09207E-9B28-487C-A8B6-7DB77093481F}
	EndProjectSection
EndProject
Global
	GlobalSection(SolutionConfigurationPlatforms) = preSolution
		Debug|Any CPU = Debug|Any CPU
		Release|Any CPU = Release|Any CPU
	EndGlobalSection
	GlobalSection(ProjectConfigurationPlatforms) = postSolution
		{8B2569FA-388E-4824-90BD-DE3CD363675E}.Debug|Any CPU.ActiveCfg = Debug|Any CPU
		{8B2569FA-388E-4824-90BD-DE3CD363675E}.Debug|Any CPU.Build.0 = Debug|Any CPU
		{8B2569FA-388E-4824-90BD-DE3CD363675E}.Release|Any CPU.ActiveCfg = Release|Any CPU
		{8B2569FA-388E-4824-90BD-DE3CD363675E}.Release|Any CPU.Build.0 = Release|Any CPU
		{BC09207E-9B28-487C-A8B6-7DB77093481F}.Debug|Any CPU.ActiveCfg = Debug|Any CPU
		{BC09207E-9B28-487C-A8B6-7DB77093481F}.Debug|Any CPU.Build.0 = Debug|Any CPU
		{BC09207E-9B28-487C-A8B6-7DB77093481F}.Release|Any CPU.ActiveCfg = Release|Any CPU
		{BC09207E-9B28-487C-A8B6-7DB77093481F}.Release|Any CPU.Build.0 = Release|Any CPU
		{E19780FC-23CB-400E-84E0-6FC8A0B3D9EB}.Debug|Any CPU.ActiveCfg = Debug|Any CPU
		{E19780FC-23CB-400E-84E0-6FC8A0B3D9EB}.Debug|Any CPU.Build.0 = Debug|Any CPU
		{E19780FC-23CB-400E-84E0-6FC8A0B3D9EB}.Release|Any CPU.ActiveCfg = Release|Any CPU
		{E19780FC-23CB-400E-84E0-6FC8A0B3D9EB}.Release|Any CPU.Build.0 = Release|Any CPU
		{F7F089EE-BE67-4C32-A4EB-6D76A31DBA9E}.Debug|Any CPU.ActiveCfg = Debug|Any CPU
		{F7F089EE-BE67-4C32-A4EB-6D76A31DBA9E}.Debug|Any CPU.Build.0 = Debug|Any CPU
		{F7F089EE-BE67-4C32-A4EB-6D76A31DBA9E}.Release|Any CPU.ActiveCfg = Release|Any CPU
		{F7F089EE-BE67-4C32-A4EB-6D76A31DBA9E}.Release|Any CPU.Build.0 = Release|Any CPU
		{D07B5BE5-F043-46CF-8AB2-2E235841AD4B}.Debug|Any CPU.ActiveCfg = Debug|Any CPU
		{D07B5BE5-F043-46CF-8AB2-2E235841AD4B}.Debug|Any CPU.Build.0 = Debug|Any CPU
		{D07B5BE5-F043-46CF-8AB2-2E235841AD4B}.Release|Any CPU.ActiveCfg = Release|Any CPU
		{D07B5BE5-F043-46CF-8AB2-2E235841AD4B}.Release|Any CPU.Build.0 = Release|Any CPU
	EndGlobalSection
	GlobalSection(SolutionProperties) = preSolution
		HideSolutionNode = FALSE
	EndGlobalSection
	GlobalSection(ExtensibilityGlobals) = postSolution
		SolutionGuid = {30973C13-9C4F-4C97-A074-9F595C4AE395}
	EndGlobalSection
EndGlobal
